
Microsoft Visual Studio Solution File, Format Version 12.00
# Visual Studio 15
VisualStudioVersion = 15.0.28307.1231
MinimumVisualStudioVersion = 10.0.40219.1
Project("{FAE04EC0-301F-11D3-BF4B-00C04F79EFBC}") = "lab_5", "lab_5\lab_5.csproj", "{BEF2504F-F34D-46A8-ACC2-29E15927B087}"
EndProject
Global
	GlobalSection(SolutionConfigurationPlatforms) = preSolution
		Debug|Any CPU = Debug|Any CPU
		Release|Any CPU = Release|Any CPU
	EndGlobalSection
	GlobalSection(ProjectConfigurationPlatforms) = postSolution
		{BEF2504F-F34D-46A8-ACC2-29E15927B087}.Debug|Any CPU.ActiveCfg = Debug|Any CPU
		{BEF2504F-F34D-46A8-ACC2-29E15927B087}.Debug|Any CPU.Build.0 = Debug|Any CPU
		{BEF2504F-F34D-46A8-ACC2-29E15927B087}.Release|Any CPU.ActiveCfg = Release|Any CPU
		{BEF2504F-F34D-46A8-ACC2-29E15927B087}.Release|Any CPU.Build.0 = Release|Any CPU
	EndGlobalSection
	GlobalSection(SolutionProperties) = preSolution
		HideSolutionNode = FALSE
	EndGlobalSection
	GlobalSection(ExtensibilityGlobals) = postSolution
		SolutionGuid = {D1DFA4BB-C587-4FB3-AF56-CBC70C18A987}
	EndGlobalSection
EndGlobal
