
Microsoft Visual Studio Solution File, Format Version 12.00
# Visual Studio 15
VisualStudioVersion = 15.0.28307.1231
MinimumVisualStudioVersion = 10.0.40219.1
Project("{FAE04EC0-301F-11D3-BF4B-00C04F79EFBC}") = "lab_11", "lab_11\lab_11.csproj", "{ED324D9B-F868-4FE1-8833-A3CF3A43895A}"
EndProject
Global
	GlobalSection(SolutionConfigurationPlatforms) = preSolution
		Debug|Any CPU = Debug|Any CPU
		Release|Any CPU = Release|Any CPU
	EndGlobalSection
	GlobalSection(ProjectConfigurationPlatforms) = postSolution
		{ED324D9B-F868-4FE1-8833-A3CF3A43895A}.Debug|Any CPU.ActiveCfg = Debug|Any CPU
		{ED324D9B-F868-4FE1-8833-A3CF3A43895A}.Debug|Any CPU.Build.0 = Debug|Any CPU
		{ED324D9B-F868-4FE1-8833-A3CF3A43895A}.Release|Any CPU.ActiveCfg = Release|Any CPU
		{ED324D9B-F868-4FE1-8833-A3CF3A43895A}.Release|Any CPU.Build.0 = Release|Any CPU
	EndGlobalSection
	GlobalSection(SolutionProperties) = preSolution
		HideSolutionNode = FALSE
	EndGlobalSection
	GlobalSection(ExtensibilityGlobals) = postSolution
		SolutionGuid = {59A8A25E-9022-407E-B5B0-4EB5572ECFCD}
	EndGlobalSection
EndGlobal
