
Microsoft Visual Studio Solution File, Format Version 12.00
# Visual Studio 15
VisualStudioVersion = 15.0.28307.1231
MinimumVisualStudioVersion = 10.0.40219.1
Project("{FAE04EC0-301F-11D3-BF4B-00C04F79EFBC}") = "lab_2", "lab_2\lab_2.csproj", "{ABE34EF3-1315-443F-B559-3564A4719222}"
EndProject
Global
	GlobalSection(SolutionConfigurationPlatforms) = preSolution
		Debug|Any CPU = Debug|Any CPU
		Release|Any CPU = Release|Any CPU
	EndGlobalSection
	GlobalSection(ProjectConfigurationPlatforms) = postSolution
		{ABE34EF3-1315-443F-B559-3564A4719222}.Debug|Any CPU.ActiveCfg = Debug|Any CPU
		{ABE34EF3-1315-443F-B559-3564A4719222}.Debug|Any CPU.Build.0 = Debug|Any CPU
		{ABE34EF3-1315-443F-B559-3564A4719222}.Release|Any CPU.ActiveCfg = Release|Any CPU
		{ABE34EF3-1315-443F-B559-3564A4719222}.Release|Any CPU.Build.0 = Release|Any CPU
	EndGlobalSection
	GlobalSection(SolutionProperties) = preSolution
		HideSolutionNode = FALSE
	EndGlobalSection
	GlobalSection(ExtensibilityGlobals) = postSolution
		SolutionGuid = {2F6F1264-4430-4CAB-B385-3C0AB0B92FAE}
	EndGlobalSection
EndGlobal
